// !$*UTF8*$!
{
	archiveVersion = 1;
	classes = {
	};
	objectVersion = 50;
	objects = {

/* Begin PBXBuildFile section */
		C75A53E7246E6E6900722C8B /* AppDelegate.swift in Sources */ = {isa = PBXBuildFile; fileRef = C75A53E6246E6E6900722C8B /* AppDelegate.swift */; };
		C75A53E9246E6E6900722C8B /* SceneDelegate.swift in Sources */ = {isa = PBXBuildFile; fileRef = C75A53E8246E6E6900722C8B /* SceneDelegate.swift */; };
		C75A53EB246E6E6900722C8B /* ContentView.swift in Sources */ = {isa = PBXBuildFile; fileRef = C75A53EA246E6E6900722C8B /* ContentView.swift */; };
		C75A53ED246E6E6C00722C8B /* Assets.xcassets in Resources */ = {isa = PBXBuildFile; fileRef = C75A53EC246E6E6C00722C8B /* Assets.xcassets */; };
		C75A53F0246E6E6C00722C8B /* Preview Assets.xcassets in Resources */ = {isa = PBXBuildFile; fileRef = C75A53EF246E6E6C00722C8B /* Preview Assets.xcassets */; };
		C75A53F3246E6E6C00722C8B /* LaunchScreen.storyboard in Resources */ = {isa = PBXBuildFile; fileRef = C75A53F1246E6E6C00722C8B /* LaunchScreen.storyboard */; };
		C75A53FE246E6E6C00722C8B /* ncmb_signinwithappleUITests.swift in Sources */ = {isa = PBXBuildFile; fileRef = C75A53FD246E6E6C00722C8B /* ncmb_signinwithappleUITests.swift */; };
/* End PBXBuildFile section */

/* Begin PBXContainerItemProxy section */
		C75A53FA246E6E6C00722C8B /* PBXContainerItemProxy */ = {
			isa = PBXContainerItemProxy;
			containerPortal = C75A53DB246E6E6900722C8B /* Project object */;
			proxyType = 1;
			remoteGlobalIDString = C75A53E2246E6E6900722C8B;
			remoteInfo = ncmb.signinwithapple;
		};
/* End PBXContainerItemProxy section */

/* Begin PBXFileReference section */
		C75A53E3246E6E6900722C8B /* ncmb.signinwithapple.app */ = {isa = PBXFileReference; explicitFileType = wrapper.application; includeInIndex = 0; path = ncmb.signinwithapple.app; sourceTree = BUILT_PRODUCTS_DIR; };
		C75A53E6246E6E6900722C8B /* AppDelegate.swift */ = {isa = PBXFileReference; lastKnownFileType = sourcecode.swift; path = AppDelegate.swift; sourceTree = "<group>"; };
		C75A53E8246E6E6900722C8B /* SceneDelegate.swift */ = {isa = PBXFileReference; lastKnownFileType = sourcecode.swift; path = SceneDelegate.swift; sourceTree = "<group>"; };
		C75A53EA246E6E6900722C8B /* ContentView.swift */ = {isa = PBXFileReference; lastKnownFileType = sourcecode.swift; path = ContentView.swift; sourceTree = "<group>"; };
		C75A53EC246E6E6C00722C8B /* Assets.xcassets */ = {isa = PBXFileReference; lastKnownFileType = folder.assetcatalog; path = Assets.xcassets; sourceTree = "<group>"; };
		C75A53EF246E6E6C00722C8B /* Preview Assets.xcassets */ = {isa = PBXFileReference; lastKnownFileType = folder.assetcatalog; path = "Preview Assets.xcassets"; sourceTree = "<group>"; };
		C75A53F2246E6E6C00722C8B /* Base */ = {isa = PBXFileReference; lastKnownFileType = file.storyboard; name = Base; path = Base.lproj/LaunchScreen.storyboard; sourceTree = "<group>"; };
		C75A53F4246E6E6C00722C8B /* Info.plist */ = {isa = PBXFileReference; lastKnownFileType = text.plist.xml; path = Info.plist; sourceTree = "<group>"; };
		C75A53F9246E6E6C00722C8B /* ncmb.signinwithappleUITests.xctest */ = {isa = PBXFileReference; explicitFileType = wrapper.cfbundle; includeInIndex = 0; path = ncmb.signinwithappleUITests.xctest; sourceTree = BUILT_PRODUCTS_DIR; };
		C75A53FD246E6E6C00722C8B /* ncmb_signinwithappleUITests.swift */ = {isa = PBXFileReference; lastKnownFileType = sourcecode.swift; path = ncmb_signinwithappleUITests.swift; sourceTree = "<group>"; };
		C75A53FF246E6E6C00722C8B /* Info.plist */ = {isa = PBXFileReference; lastKnownFileType = text.plist.xml; path = Info.plist; sourceTree = "<group>"; };
/* End PBXFileReference section */

/* Begin PBXFrameworksBuildPhase section */
		C75A53E0246E6E6900722C8B /* Frameworks */ = {
			isa = PBXFrameworksBuildPhase;
			buildActionMask = 2147483647;
			files = (
			);
			runOnlyForDeploymentPostprocessing = 0;
		};
		C75A53F6246E6E6C00722C8B /* Frameworks */ = {
			isa = PBXFrameworksBuildPhase;
			buildActionMask = 2147483647;
			files = (
			);
			runOnlyForDeploymentPostprocessing = 0;
		};
/* End PBXFrameworksBuildPhase section */

/* Begin PBXGroup section */
		C75A53DA246E6E6900722C8B = {
			isa = PBXGroup;
			children = (
				C75A53E5246E6E6900722C8B /* ncmb.signinwithapple */,
				C75A53FC246E6E6C00722C8B /* ncmb.signinwithappleUITests */,
				C75A53E4246E6E6900722C8B /* Products */,
			);
			sourceTree = "<group>";
		};
		C75A53E4246E6E6900722C8B /* Products */ = {
			isa = PBXGroup;
			children = (
				C75A53E3246E6E6900722C8B /* ncmb.signinwithapple.app */,
				C75A53F9246E6E6C00722C8B /* ncmb.signinwithappleUITests.xctest */,
			);
			name = Products;
			sourceTree = "<group>";
		};
		C75A53E5246E6E6900722C8B /* ncmb.signinwithapple */ = {
			isa = PBXGroup;
			children = (
				C75A53E6246E6E6900722C8B /* AppDelegate.swift */,
				C75A53E8246E6E6900722C8B /* SceneDelegate.swift */,
				C75A53EA246E6E6900722C8B /* ContentView.swift */,
				C75A53EC246E6E6C00722C8B /* Assets.xcassets */,
				C75A53F1246E6E6C00722C8B /* LaunchScreen.storyboard */,
				C75A53F4246E6E6C00722C8B /* Info.plist */,
				C75A53EE246E6E6C00722C8B /* Preview Content */,
			);
			path = ncmb.signinwithapple;
			sourceTree = "<group>";
		};
		C75A53EE246E6E6C00722C8B /* Preview Content */ = {
			isa = PBXGroup;
			children = (
				C75A53EF246E6E6C00722C8B /* Preview Assets.xcassets */,
			);
			path = "Preview Content";
			sourceTree = "<group>";
		};
		C75A53FC246E6E6C00722C8B /* ncmb.signinwithappleUITests */ = {
			isa = PBXGroup;
			children = (
				C75A53FD246E6E6C00722C8B /* ncmb_signinwithappleUITests.swift */,
				C75A53FF246E6E6C00722C8B /* Info.plist */,
			);
			path = ncmb.signinwithappleUITests;
			sourceTree = "<group>";
		};
/* End PBXGroup section */

/* Begin PBXNativeTarget section */
		C75A53E2246E6E6900722C8B /* ncmb.signinwithapple */ = {
			isa = PBXNativeTarget;
			buildConfigurationList = C75A5402246E6E6C00722C8B /* Build configuration list for PBXNativeTarget "ncmb.signinwithapple" */;
			buildPhases = (
				C75A53DF246E6E6900722C8B /* Sources */,
				C75A53E0246E6E6900722C8B /* Frameworks */,
				C75A53E1246E6E6900722C8B /* Resources */,
			);
			buildRules = (
			);
			dependencies = (
			);
			name = ncmb.signinwithapple;
			productName = ncmb.signinwithapple;
			productReference = C75A53E3246E6E6900722C8B /* ncmb.signinwithapple.app */;
			productType = "com.apple.product-type.application";
		};
		C75A53F8246E6E6C00722C8B /* ncmb.signinwithappleUITests */ = {
			isa = PBXNativeTarget;
			buildConfigurationList = C75A5405246E6E6C00722C8B /* Build configuration list for PBXNativeTarget "ncmb.signinwithappleUITests" */;
			buildPhases = (
				C75A53F5246E6E6C00722C8B /* Sources */,
				C75A53F6246E6E6C00722C8B /* Frameworks */,
				C75A53F7246E6E6C00722C8B /* Resources */,
			);
			buildRules = (
			);
			dependencies = (
				C75A53FB246E6E6C00722C8B /* PBXTargetDependency */,
			);
			name = ncmb.signinwithappleUITests;
			productName = ncmb.signinwithappleUITests;
			productReference = C75A53F9246E6E6C00722C8B /* ncmb.signinwithappleUITests.xctest */;
			productType = "com.apple.product-type.bundle.ui-testing";
		};
/* End PBXNativeTarget section */

/* Begin PBXProject section */
		C75A53DB246E6E6900722C8B /* Project object */ = {
			isa = PBXProject;
			attributes = {
				LastSwiftUpdateCheck = 1140;
				LastUpgradeCheck = 1140;
				ORGANIZATIONNAME = Atsushi;
				TargetAttributes = {
					C75A53E2246E6E6900722C8B = {
						CreatedOnToolsVersion = 11.4.1;
					};
					C75A53F8246E6E6C00722C8B = {
						CreatedOnToolsVersion = 11.4.1;
						TestTargetID = C75A53E2246E6E6900722C8B;
					};
				};
			};
			buildConfigurationList = C75A53DE246E6E6900722C8B /* Build configuration list for PBXProject "ncmb.signinwithapple" */;
			compatibilityVersion = "Xcode 9.3";
			developmentRegion = en;
			hasScannedForEncodings = 0;
			knownRegions = (
				en,
				Base,
			);
			mainGroup = C75A53DA246E6E6900722C8B;
			productRefGroup = C75A53E4246E6E6900722C8B /* Products */;
			projectDirPath = "";
			projectRoot = "";
			targets = (
				C75A53E2246E6E6900722C8B /* ncmb.signinwithapple */,
				C75A53F8246E6E6C00722C8B /* ncmb.signinwithappleUITests */,
			);
		};
/* End PBXProject section */

/* Begin PBXResourcesBuildPhase section */
		C75A53E1246E6E6900722C8B /* Resources */ = {
			isa = PBXResourcesBuildPhase;
			buildActionMask = 2147483647;
			files = (
				C75A53F3246E6E6C00722C8B /* LaunchScreen.storyboard in Resources */,
				C75A53F0246E6E6C00722C8B /* Preview Assets.xcassets in Resources */,
				C75A53ED246E6E6C00722C8B /* Assets.xcassets in Resources */,
			);
			runOnlyForDeploymentPostprocessing = 0;
		};
		C75A53F7246E6E6C00722C8B /* Resources */ = {
			isa = PBXResourcesBuildPhase;
			buildActionMask = 2147483647;
			files = (
			);
			runOnlyForDeploymentPostprocessing = 0;
		};
/* End PBXResourcesBuildPhase section */

/* Begin PBXSourcesBuildPhase section */
		C75A53DF246E6E6900722C8B /* Sources */ = {
			isa = PBXSourcesBuildPhase;
			buildActionMask = 2147483647;
			files = (
				C75A53E7246E6E6900722C8B /* AppDelegate.swift in Sources */,
				C75A53E9246E6E6900722C8B /* SceneDelegate.swift in Sources */,
				C75A53EB246E6E6900722C8B /* ContentView.swift in Sources */,
			);
			runOnlyForDeploymentPostprocessing = 0;
		};
		C75A53F5246E6E6C00722C8B /* Sources */ = {
			isa = PBXSourcesBuildPhase;
			buildActionMask = 2147483647;
			files = (
				C75A53FE246E6E6C00722C8B /* ncmb_signinwithappleUITests.swift in Sources */,
			);
			runOnlyForDeploymentPostprocessing = 0;
		};
/* End PBXSourcesBuildPhase section */

/* Begin PBXTargetDependency section */
		C75A53FB246E6E6C00722C8B /* PBXTargetDependency */ = {
			isa = PBXTargetDependency;
			target = C75A53E2246E6E6900722C8B /* ncmb.signinwithapple */;
			targetProxy = C75A53FA246E6E6C00722C8B /* PBXContainerItemProxy */;
		};
/* End PBXTargetDependency section */

/* Begin PBXVariantGroup section */
		C75A53F1246E6E6C00722C8B /* LaunchScreen.storyboard */ = {
			isa = PBXVariantGroup;
			children = (
				C75A53F2246E6E6C00722C8B /* Base */,
			);
			name = LaunchScreen.storyboard;
			sourceTree = "<group>";
		};
/* End PBXVariantGroup section */

/* Begin XCBuildConfiguration section */
		C75A5400246E6E6C00722C8B /* Debug */ = {
			isa = XCBuildConfiguration;
			buildSettings = {
				ALWAYS_SEARCH_USER_PATHS = NO;
				CLANG_ANALYZER_NONNULL = YES;
				CLANG_ANALYZER_NUMBER_OBJECT_CONVERSION = YES_AGGRESSIVE;
				CLANG_CXX_LANGUAGE_STANDARD = "gnu++14";
				CLANG_CXX_LIBRARY = "libc++";
				CLANG_ENABLE_MODULES = YES;
				CLANG_ENABLE_OBJC_ARC = YES;
				CLANG_ENABLE_OBJC_WEAK = YES;
				CLANG_WARN_BLOCK_CAPTURE_AUTORELEASING = YES;
				CLANG_WARN_BOOL_CONVERSION = YES;
				CLANG_WARN_COMMA = YES;
				CLANG_WARN_CONSTANT_CONVERSION = YES;
				CLANG_WARN_DEPRECATED_OBJC_IMPLEMENTATIONS = YES;
				CLANG_WARN_DIRECT_OBJC_ISA_USAGE = YES_ERROR;
				CLANG_WARN_DOCUMENTATION_COMMENTS = YES;
				CLANG_WARN_EMPTY_BODY = YES;
				CLANG_WARN_ENUM_CONVERSION = YES;
				CLANG_WARN_INFINITE_RECURSION = YES;
				CLANG_WARN_INT_CONVERSION = YES;
				CLANG_WARN_NON_LITERAL_NULL_CONVERSION = YES;
				CLANG_WARN_OBJC_IMPLICIT_RETAIN_SELF = YES;
				CLANG_WARN_OBJC_LITERAL_CONVERSION = YES;
				CLANG_WARN_OBJC_ROOT_CLASS = YES_ERROR;
				CLANG_WARN_RANGE_LOOP_ANALYSIS = YES;
				CLANG_WARN_STRICT_PROTOTYPES = YES;
				CLANG_WARN_SUSPICIOUS_MOVE = YES;
				CLANG_WARN_UNGUARDED_AVAILABILITY = YES_AGGRESSIVE;
				CLANG_WARN_UNREACHABLE_CODE = YES;
				CLANG_WARN__DUPLICATE_METHOD_MATCH = YES;
				COPY_PHASE_STRIP = NO;
				DEBUG_INFORMATION_FORMAT = dwarf;
				ENABLE_STRICT_OBJC_MSGSEND = YES;
				ENABLE_TESTABILITY = YES;
				GCC_C_LANGUAGE_STANDARD = gnu11;
				GCC_DYNAMIC_NO_PIC = NO;
				GCC_NO_COMMON_BLOCKS = YES;
				GCC_OPTIMIZATION_LEVEL = 0;
				GCC_PREPROCESSOR_DEFINITIONS = (
					"DEBUG=1",
					"$(inherited)",
				);
				GCC_WARN_64_TO_32_BIT_CONVERSION = YES;
				GCC_WARN_ABOUT_RETURN_TYPE = YES_ERROR;
				GCC_WARN_UNDECLARED_SELECTOR = YES;
				GCC_WARN_UNINITIALIZED_AUTOS = YES_AGGRESSIVE;
				GCC_WARN_UNUSED_FUNCTION = YES;
				GCC_WARN_UNUSED_VARIABLE = YES;
				IPHONEOS_DEPLOYMENT_TARGET = 13.4;
				MTL_ENABLE_DEBUG_INFO = INCLUDE_SOURCE;
				MTL_FAST_MATH = YES;
				ONLY_ACTIVE_ARCH = YES;
				SDKROOT = iphoneos;
				SWIFT_ACTIVE_COMPILATION_CONDITIONS = DEBUG;
				SWIFT_OPTIMIZATION_LEVEL = "-Onone";
			};
			name = Debug;
		};
		C75A5401246E6E6C00722C8B /* Release */ = {
			isa = XCBuildConfiguration;
			buildSettings = {
				ALWAYS_SEARCH_USER_PATHS = NO;
				CLANG_ANALYZER_NONNULL = YES;
				CLANG_ANALYZER_NUMBER_OBJECT_CONVERSION = YES_AGGRESSIVE;
				CLANG_CXX_LANGUAGE_STANDARD = "gnu++14";
				CLANG_CXX_LIBRARY = "libc++";
				CLANG_ENABLE_MODULES = YES;
				CLANG_ENABLE_OBJC_ARC = YES;
				CLANG_ENABLE_OBJC_WEAK = YES;
				CLANG_WARN_BLOCK_CAPTURE_AUTORELEASING = YES;
				CLANG_WARN_BOOL_CONVERSION = YES;
				CLANG_WARN_COMMA = YES;
				CLANG_WARN_CONSTANT_CONVERSION = YES;
				CLANG_WARN_DEPRECATED_OBJC_IMPLEMENTATIONS = YES;
				CLANG_WARN_DIRECT_OBJC_ISA_USAGE = YES_ERROR;
				CLANG_WARN_DOCUMENTATION_COMMENTS = YES;
				CLANG_WARN_EMPTY_BODY = YES;
				CLANG_WARN_ENUM_CONVERSION = YES;
				CLANG_WARN_INFINITE_RECURSION = YES;
				CLANG_WARN_INT_CONVERSION = YES;
				CLANG_WARN_NON_LITERAL_NULL_CONVERSION = YES;
				CLANG_WARN_OBJC_IMPLICIT_RETAIN_SELF = YES;
				CLANG_WARN_OBJC_LITERAL_CONVERSION = YES;
				CLANG_WARN_OBJC_ROOT_CLASS = YES_ERROR;
				CLANG_WARN_RANGE_LOOP_ANALYSIS = YES;
				CLANG_WARN_STRICT_PROTOTYPES = YES;
				CLANG_WARN_SUSPICIOUS_MOVE = YES;
				CLANG_WARN_UNGUARDED_AVAILABILITY = YES_AGGRESSIVE;
				CLANG_WARN_UNREACHABLE_CODE = YES;
				CLANG_WARN__DUPLICATE_METHOD_MATCH = YES;
				COPY_PHASE_STRIP = NO;
				DEBUG_INFORMATION_FORMAT = "dwarf-with-dsym";
				ENABLE_NS_ASSERTIONS = NO;
				ENABLE_STRICT_OBJC_MSGSEND = YES;
				GCC_C_LANGUAGE_STANDARD = gnu11;
				GCC_NO_COMMON_BLOCKS = YES;
				GCC_WARN_64_TO_32_BIT_CONVERSION = YES;
				GCC_WARN_ABOUT_RETURN_TYPE = YES_ERROR;
				GCC_WARN_UNDECLARED_SELECTOR = YES;
				GCC_WARN_UNINITIALIZED_AUTOS = YES_AGGRESSIVE;
				GCC_WARN_UNUSED_FUNCTION = YES;
				GCC_WARN_UNUSED_VARIABLE = YES;
				IPHONEOS_DEPLOYMENT_TARGET = 13.4;
				MTL_ENABLE_DEBUG_INFO = NO;
				MTL_FAST_MATH = YES;
				SDKROOT = iphoneos;
				SWIFT_COMPILATION_MODE = wholemodule;
				SWIFT_OPTIMIZATION_LEVEL = "-O";
				VALIDATE_PRODUCT = YES;
			};
			name = Release;
		};
		C75A5403246E6E6C00722C8B /* Debug */ = {
			isa = XCBuildConfiguration;
			buildSettings = {
				ASSETCATALOG_COMPILER_APPICON_NAME = AppIcon;
				CODE_SIGN_STYLE = Automatic;
				DEVELOPMENT_ASSET_PATHS = "\"ncmb.signinwithapple/Preview Content\"";
				DEVELOPMENT_TEAM = YX944FB478;
				ENABLE_PREVIEWS = YES;
				INFOPLIST_FILE = ncmb.signinwithapple/Info.plist;
				LD_RUNPATH_SEARCH_PATHS = (
					"$(inherited)",
					"@executable_path/Frameworks",
				);
				PRODUCT_BUNDLE_IDENTIFIER = "jp.moongift.ncmb-signinwithapple";
				PRODUCT_NAME = "$(TARGET_NAME)";
				SWIFT_VERSION = 5.0;
				TARGETED_DEVICE_FAMILY = "1,2";
			};
			name = Debug;
		};
		C75A5404246E6E6C00722C8B /* Release */ = {
			isa = XCBuildConfiguration;
			buildSettings = {
				ASSETCATALOG_COMPILER_APPICON_NAME = AppIcon;
				CODE_SIGN_STYLE = Automatic;
				DEVELOPMENT_ASSET_PATHS = "\"ncmb.signinwithapple/Preview Content\"";
				DEVELOPMENT_TEAM = YX944FB478;
				ENABLE_PREVIEWS = YES;
				INFOPLIST_FILE = ncmb.signinwithapple/Info.plist;
				LD_RUNPATH_SEARCH_PATHS = (
					"$(inherited)",
					"@executable_path/Frameworks",
				);
				PRODUCT_BUNDLE_IDENTIFIER = "jp.moongift.ncmb-signinwithapple";
				PRODUCT_NAME = "$(TARGET_NAME)";
				SWIFT_VERSION = 5.0;
				TARGETED_DEVICE_FAMILY = "1,2";
			};
			name = Release;
		};
		C75A5406246E6E6C00722C8B /* Debug */ = {
			isa = XCBuildConfiguration;
			buildSettings = {
				ALWAYS_EMBED_SWIFT_STANDARD_LIBRARIES = YES;
				CODE_SIGN_STYLE = Automatic;
				DEVELOPMENT_TEAM = YX944FB478;
				INFOPLIST_FILE = ncmb.signinwithappleUITests/Info.plist;
				LD_RUNPATH_SEARCH_PATHS = (
					"$(inherited)",
					"@executable_path/Frameworks",
					"@loader_path/Frameworks",
				);
				PRODUCT_BUNDLE_IDENTIFIER = "jp.moongift.ncmb-signinwithappleUITests";
				PRODUCT_NAME = "$(TARGET_NAME)";
				SWIFT_VERSION = 5.0;
				TARGETED_DEVICE_FAMILY = "1,2";
				TEST_TARGET_NAME = ncmb.signinwithapple;
			};
			name = Debug;
		};
		C75A5407246E6E6C00722C8B /* Release */ = {
			isa = XCBuildConfiguration;
			buildSettings = {
				ALWAYS_EMBED_SWIFT_STANDARD_LIBRARIES = YES;
				CODE_SIGN_STYLE = Automatic;
				DEVELOPMENT_TEAM = YX944FB478;
				INFOPLIST_FILE = ncmb.signinwithappleUITests/Info.plist;
				LD_RUNPATH_SEARCH_PATHS = (
					"$(inherited)",
					"@executable_path/Frameworks",
					"@loader_path/Frameworks",
				);
				PRODUCT_BUNDLE_IDENTIFIER = "jp.moongift.ncmb-signinwithappleUITests";
				PRODUCT_NAME = "$(TARGET_NAME)";
				SWIFT_VERSION = 5.0;
				TARGETED_DEVICE_FAMILY = "1,2";
				TEST_TARGET_NAME = ncmb.signinwithapple;
			};
			name = Release;
		};
/* End XCBuildConfiguration section */

/* Begin XCConfigurationList section */
		C75A53DE246E6E6900722C8B /* Build configuration list for PBXProject "ncmb.signinwithapple" */ = {
			isa = XCConfigurationList;
			buildConfigurations = (
				C75A5400246E6E6C00722C8B /* Debug */,
				C75A5401246E6E6C00722C8B /* Release */,
			);
			defaultConfigurationIsVisible = 0;
			defaultConfigurationName = Release;
		};
		C75A5402246E6E6C00722C8B /* Build configuration list for PBXNativeTarget "ncmb.signinwithapple" */ = {
			isa = XCConfigurationList;
			buildConfigurations = (
				C75A5403246E6E6C00722C8B /* Debug */,
				C75A5404246E6E6C00722C8B /* Release */,
			);
			defaultConfigurationIsVisible = 0;
			defaultConfigurationName = Release;
		};
		C75A5405246E6E6C00722C8B /* Build configuration list for PBXNativeTarget "ncmb.signinwithappleUITests" */ = {
			isa = XCConfigurationList;
			buildConfigurations = (
				C75A5406246E6E6C00722C8B /* Debug */,
				C75A5407246E6E6C00722C8B /* Release */,
			);
			defaultConfigurationIsVisible = 0;
			defaultConfigurationName = Release;
		};
/* End XCConfigurationList section */
	};
	rootObject = C75A53DB246E6E6900722C8B /* Project object */;
}
